
Microsoft Visual Studio Solution File, Format Version 12.00
# Visual Studio 2013
VisualStudioVersion = 12.0.30723.0
MinimumVisualStudioVersion = 10.0.40219.1
Project("{FAE04EC0-301F-11D3-BF4B-00C04F79EFBC}") = "PaCSAdmin", "PaCSAdmin\PaCSAdmin.csproj", "{A804FB6D-943B-4552-92F8-F1E50C3CF0FE}"
EndProject
Project("{FAE04EC0-301F-11D3-BF4B-00C04F79EFBC}") = "PaCSClient", "PaCSClient\PaCSClient.csproj", "{9BA82D1F-361C-4A63-A4F7-524D0AAF56B2}"
EndProject
Project("{FAE04EC0-301F-11D3-BF4B-00C04F79EFBC}") = "MetalMask", "MetalMask\MetalMask.csproj", "{964E1FFB-3F9C-416E-8E5A-5318A3B58AEE}"
EndProject
Project("{FAE04EC0-301F-11D3-BF4B-00C04F79EFBC}") = "PaCSClientMain", "PaCSClientMain\PaCSClientMain.csproj", "{1CFBAE34-12E9-4412-895B-2E0D73DC366C}"
EndProject
Project("{FAE04EC0-301F-11D3-BF4B-00C04F79EFBC}") = "PaCSTools", "PaCsTools\PaCSTools.csproj", "{2ED73D9C-6AD9-4F49-8AED-605E2C765AD3}"
EndProject
Project("{FAE04EC0-301F-11D3-BF4B-00C04F79EFBC}") = "Toner", "Toner\Toner.csproj", "{E618186D-FE4D-4F2D-A8E4-28AD33769F7F}"
EndProject
Project("{2150E333-8FDC-42A3-9474-1A3956D46DE8}") = "2.基本信息", "2.基本信息", "{7D5C51DA-2FC9-4F04-B8A6-0AFB802A792C}"
EndProject
Project("{2150E333-8FDC-42A3-9474-1A3956D46DE8}") = "3.资源管理", "3.资源管理", "{35E456B6-BF37-44CD-962A-B14C28A6A187}"
EndProject
Project("{2150E333-8FDC-42A3-9474-1A3956D46DE8}") = "1.基础框架", "1.基础框架", "{5BC150FB-675E-4B8A-99DA-B769990E048C}"
EndProject
Project("{FAE04EC0-301F-11D3-BF4B-00C04F79EFBC}") = "SecuLabel", "SecuLabel\SecuLabel.csproj", "{4CA73132-C097-42A3-B9F7-FD3629A8CA54}"
EndProject
Global
	GlobalSection(SolutionConfigurationPlatforms) = preSolution
		Debug|Any CPU = Debug|Any CPU
		Release|Any CPU = Release|Any CPU
	EndGlobalSection
	GlobalSection(ProjectConfigurationPlatforms) = postSolution
		{A804FB6D-943B-4552-92F8-F1E50C3CF0FE}.Debug|Any CPU.ActiveCfg = Debug|Any CPU
		{A804FB6D-943B-4552-92F8-F1E50C3CF0FE}.Debug|Any CPU.Build.0 = Debug|Any CPU
		{A804FB6D-943B-4552-92F8-F1E50C3CF0FE}.Release|Any CPU.ActiveCfg = Release|Any CPU
		{A804FB6D-943B-4552-92F8-F1E50C3CF0FE}.Release|Any CPU.Build.0 = Release|Any CPU
		{9BA82D1F-361C-4A63-A4F7-524D0AAF56B2}.Debug|Any CPU.ActiveCfg = Debug|Any CPU
		{9BA82D1F-361C-4A63-A4F7-524D0AAF56B2}.Debug|Any CPU.Build.0 = Debug|Any CPU
		{9BA82D1F-361C-4A63-A4F7-524D0AAF56B2}.Release|Any CPU.ActiveCfg = Release|Any CPU
		{9BA82D1F-361C-4A63-A4F7-524D0AAF56B2}.Release|Any CPU.Build.0 = Release|Any CPU
		{964E1FFB-3F9C-416E-8E5A-5318A3B58AEE}.Debug|Any CPU.ActiveCfg = Debug|Any CPU
		{964E1FFB-3F9C-416E-8E5A-5318A3B58AEE}.Debug|Any CPU.Build.0 = Debug|Any CPU
		{964E1FFB-3F9C-416E-8E5A-5318A3B58AEE}.Release|Any CPU.ActiveCfg = Release|Any CPU
		{964E1FFB-3F9C-416E-8E5A-5318A3B58AEE}.Release|Any CPU.Build.0 = Release|Any CPU
		{1CFBAE34-12E9-4412-895B-2E0D73DC366C}.Debug|Any CPU.ActiveCfg = Debug|Any CPU
		{1CFBAE34-12E9-4412-895B-2E0D73DC366C}.Debug|Any CPU.Build.0 = Debug|Any CPU
		{1CFBAE34-12E9-4412-895B-2E0D73DC366C}.Release|Any CPU.ActiveCfg = Release|Any CPU
		{1CFBAE34-12E9-4412-895B-2E0D73DC366C}.Release|Any CPU.Build.0 = Release|Any CPU
		{2ED73D9C-6AD9-4F49-8AED-605E2C765AD3}.Debug|Any CPU.ActiveCfg = Debug|Any CPU
		{2ED73D9C-6AD9-4F49-8AED-605E2C765AD3}.Debug|Any CPU.Build.0 = Debug|Any CPU
		{2ED73D9C-6AD9-4F49-8AED-605E2C765AD3}.Release|Any CPU.ActiveCfg = Release|Any CPU
		{2ED73D9C-6AD9-4F49-8AED-605E2C765AD3}.Release|Any CPU.Build.0 = Release|Any CPU
		{E618186D-FE4D-4F2D-A8E4-28AD33769F7F}.Debug|Any CPU.ActiveCfg = Debug|Any CPU
		{E618186D-FE4D-4F2D-A8E4-28AD33769F7F}.Debug|Any CPU.Build.0 = Debug|Any CPU
		{E618186D-FE4D-4F2D-A8E4-28AD33769F7F}.Release|Any CPU.ActiveCfg = Release|Any CPU
		{E618186D-FE4D-4F2D-A8E4-28AD33769F7F}.Release|Any CPU.Build.0 = Release|Any CPU
		{4CA73132-C097-42A3-B9F7-FD3629A8CA54}.Debug|Any CPU.ActiveCfg = Debug|Any CPU
		{4CA73132-C097-42A3-B9F7-FD3629A8CA54}.Debug|Any CPU.Build.0 = Debug|Any CPU
		{4CA73132-C097-42A3-B9F7-FD3629A8CA54}.Release|Any CPU.ActiveCfg = Release|Any CPU
		{4CA73132-C097-42A3-B9F7-FD3629A8CA54}.Release|Any CPU.Build.0 = Release|Any CPU
	EndGlobalSection
	GlobalSection(SolutionProperties) = preSolution
		HideSolutionNode = FALSE
	EndGlobalSection
	GlobalSection(NestedProjects) = preSolution
		{A804FB6D-943B-4552-92F8-F1E50C3CF0FE} = {5BC150FB-675E-4B8A-99DA-B769990E048C}
		{9BA82D1F-361C-4A63-A4F7-524D0AAF56B2} = {5BC150FB-675E-4B8A-99DA-B769990E048C}
		{964E1FFB-3F9C-416E-8E5A-5318A3B58AEE} = {35E456B6-BF37-44CD-962A-B14C28A6A187}
		{1CFBAE34-12E9-4412-895B-2E0D73DC366C} = {5BC150FB-675E-4B8A-99DA-B769990E048C}
		{2ED73D9C-6AD9-4F49-8AED-605E2C765AD3} = {5BC150FB-675E-4B8A-99DA-B769990E048C}
		{E618186D-FE4D-4F2D-A8E4-28AD33769F7F} = {35E456B6-BF37-44CD-962A-B14C28A6A187}
		{4CA73132-C097-42A3-B9F7-FD3629A8CA54} = {35E456B6-BF37-44CD-962A-B14C28A6A187}
	EndGlobalSection
	GlobalSection(ExtensibilityGlobals) = postSolution
		VisualSVNWorkingCopyRoot = .
	EndGlobalSection
EndGlobal
